
Microsoft Visual Studio Solution File, Format Version 12.00
# Visual Studio Version 16
VisualStudioVersion = 25.0.1706.3
MinimumVisualStudioVersion = 10.0.40219.1
Project("{FAE04EC0-301F-11D3-BF4B-00C04F79EFBC}") = "webApi", "webApi\webApi.csproj", "{A5656809-340A-4BCF-B79C-A0F9DFD320D0}"
EndProject
Project("{FAE04EC0-301F-11D3-BF4B-00C04F79EFBC}") = "Services", "Services\Services.csproj", "{BFC60FDD-81F4-4876-AD14-F04C315A335C}"
EndProject
Project("{FAE04EC0-301F-11D3-BF4B-00C04F79EFBC}") = "ServiceContracts", "ServiceContracts\ServiceContracts.csproj", "{9CA40657-8205-431F-B196-366DF8BA1E53}"
EndProject
Global
	GlobalSection(SolutionConfigurationPlatforms) = preSolution
		Debug|Any CPU = Debug|Any CPU
		Release|Any CPU = Release|Any CPU
	EndGlobalSection
	GlobalSection(ProjectConfigurationPlatforms) = postSolution
		{A5656809-340A-4BCF-B79C-A0F9DFD320D0}.Debug|Any CPU.ActiveCfg = Debug|Any CPU
		{A5656809-340A-4BCF-B79C-A0F9DFD320D0}.Debug|Any CPU.Build.0 = Debug|Any CPU
		{A5656809-340A-4BCF-B79C-A0F9DFD320D0}.Release|Any CPU.ActiveCfg = Release|Any CPU
		{A5656809-340A-4BCF-B79C-A0F9DFD320D0}.Release|Any CPU.Build.0 = Release|Any CPU
		{BFC60FDD-81F4-4876-AD14-F04C315A335C}.Debug|Any CPU.ActiveCfg = Debug|Any CPU
		{BFC60FDD-81F4-4876-AD14-F04C315A335C}.Debug|Any CPU.Build.0 = Debug|Any CPU
		{BFC60FDD-81F4-4876-AD14-F04C315A335C}.Release|Any CPU.ActiveCfg = Release|Any CPU
		{BFC60FDD-81F4-4876-AD14-F04C315A335C}.Release|Any CPU.Build.0 = Release|Any CPU
		{9CA40657-8205-431F-B196-366DF8BA1E53}.Debug|Any CPU.ActiveCfg = Debug|Any CPU
		{9CA40657-8205-431F-B196-366DF8BA1E53}.Debug|Any CPU.Build.0 = Debug|Any CPU
		{9CA40657-8205-431F-B196-366DF8BA1E53}.Release|Any CPU.ActiveCfg = Release|Any CPU
		{9CA40657-8205-431F-B196-366DF8BA1E53}.Release|Any CPU.Build.0 = Release|Any CPU
	EndGlobalSection
	GlobalSection(SolutionProperties) = preSolution
		HideSolutionNode = FALSE
	EndGlobalSection
	GlobalSection(ExtensibilityGlobals) = postSolution
		SolutionGuid = {D505F170-A09E-4A5B-A240-6612B7D5E9E8}
	EndGlobalSection
EndGlobal
